
Microsoft Visual Studio Solution File, Format Version 12.00
# Visual Studio Version 16
VisualStudioVersion = 16.0.29806.167
MinimumVisualStudioVersion = 10.0.40219.1
Project("{FAE04EC0-301F-11D3-BF4B-00C04F79EFBC}") = "ClimaWS.clima", "ClimaWS.clima\ClimaWS.clima.csproj", "{B9D7813E-7476-45AC-B003-B7C1581A0CCE}"
EndProject
Project("{FAE04EC0-301F-11D3-BF4B-00C04F79EFBC}") = "ClimaWS.DataAccess", "ClimaWS.DataAccess\ClimaWS.DataAccess.csproj", "{E8AA2800-3D26-420D-A56D-2259819704BF}"
EndProject
Global
	GlobalSection(SolutionConfigurationPlatforms) = preSolution
		Debug|Any CPU = Debug|Any CPU
		Release|Any CPU = Release|Any CPU
	EndGlobalSection
	GlobalSection(ProjectConfigurationPlatforms) = postSolution
		{B9D7813E-7476-45AC-B003-B7C1581A0CCE}.Debug|Any CPU.ActiveCfg = Debug|Any CPU
		{B9D7813E-7476-45AC-B003-B7C1581A0CCE}.Debug|Any CPU.Build.0 = Debug|Any CPU
		{B9D7813E-7476-45AC-B003-B7C1581A0CCE}.Release|Any CPU.ActiveCfg = Release|Any CPU
		{B9D7813E-7476-45AC-B003-B7C1581A0CCE}.Release|Any CPU.Build.0 = Release|Any CPU
		{E8AA2800-3D26-420D-A56D-2259819704BF}.Debug|Any CPU.ActiveCfg = Debug|Any CPU
		{E8AA2800-3D26-420D-A56D-2259819704BF}.Debug|Any CPU.Build.0 = Debug|Any CPU
		{E8AA2800-3D26-420D-A56D-2259819704BF}.Release|Any CPU.ActiveCfg = Release|Any CPU
		{E8AA2800-3D26-420D-A56D-2259819704BF}.Release|Any CPU.Build.0 = Release|Any CPU
	EndGlobalSection
	GlobalSection(SolutionProperties) = preSolution
		HideSolutionNode = FALSE
	EndGlobalSection
	GlobalSection(ExtensibilityGlobals) = postSolution
		SolutionGuid = {9E2AE422-9141-41DE-9AB0-31D6663A3830}
	EndGlobalSection
EndGlobal
